
Microsoft Visual Studio Solution File, Format Version 12.00
# Visual Studio Version 17
VisualStudioVersion = 17.1.32319.34
MinimumVisualStudioVersion = 10.0.40219.1
Project("{FAE04EC0-301F-11D3-BF4B-00C04F79EFBC}") = "WebCore1", "WebCore1\WebCore1.csproj", "{52617EDC-DA22-4882-AD4C-3ED158691B7D}"
EndProject
Global
	GlobalSection(SolutionConfigurationPlatforms) = preSolution
		Debug|Any CPU = Debug|Any CPU
		Release|Any CPU = Release|Any CPU
	EndGlobalSection
	GlobalSection(ProjectConfigurationPlatforms) = postSolution
		{52617EDC-DA22-4882-AD4C-3ED158691B7D}.Debug|Any CPU.ActiveCfg = Debug|Any CPU
		{52617EDC-DA22-4882-AD4C-3ED158691B7D}.Debug|Any CPU.Build.0 = Debug|Any CPU
		{52617EDC-DA22-4882-AD4C-3ED158691B7D}.Release|Any CPU.ActiveCfg = Release|Any CPU
		{52617EDC-DA22-4882-AD4C-3ED158691B7D}.Release|Any CPU.Build.0 = Release|Any CPU
	EndGlobalSection
	GlobalSection(SolutionProperties) = preSolution
		HideSolutionNode = FALSE
	EndGlobalSection
	GlobalSection(ExtensibilityGlobals) = postSolution
		SolutionGuid = {11591D0B-D5A3-4535-8AA0-9DBD293EB647}
	EndGlobalSection
EndGlobal
